
Microsoft Visual Studio Solution File, Format Version 12.00
# Visual Studio Version 17
VisualStudioVersion = 17.13.35825.156 d17.13
MinimumVisualStudioVersion = 10.0.40219.1
Project("{FAE04EC0-301F-11D3-BF4B-00C04F79EFBC}") = "PersonalRegister2025VT", "PersonalRegister2025VT\PersonalRegister2025VT.csproj", "{C2D2E3F5-3AED-448C-B438-492FE3295A53}"
EndProject
Global
	GlobalSection(SolutionConfigurationPlatforms) = preSolution
		Debug|Any CPU = Debug|Any CPU
		Release|Any CPU = Release|Any CPU
	EndGlobalSection
	GlobalSection(ProjectConfigurationPlatforms) = postSolution
		{C2D2E3F5-3AED-448C-B438-492FE3295A53}.Debug|Any CPU.ActiveCfg = Debug|Any CPU
		{C2D2E3F5-3AED-448C-B438-492FE3295A53}.Debug|Any CPU.Build.0 = Debug|Any CPU
		{C2D2E3F5-3AED-448C-B438-492FE3295A53}.Release|Any CPU.ActiveCfg = Release|Any CPU
		{C2D2E3F5-3AED-448C-B438-492FE3295A53}.Release|Any CPU.Build.0 = Release|Any CPU
	EndGlobalSection
	GlobalSection(SolutionProperties) = preSolution
		HideSolutionNode = FALSE
	EndGlobalSection
	GlobalSection(ExtensibilityGlobals) = postSolution
		SolutionGuid = {53476150-75CD-410D-9076-04B514A63A3A}
	EndGlobalSection
EndGlobal
